
Microsoft Visual Studio Solution File, Format Version 12.00
# Visual Studio Version 16
VisualStudioVersion = 16.0.31005.135
MinimumVisualStudioVersion = 10.0.40219.1
Project("{FAE04EC0-301F-11D3-BF4B-00C04F79EFBC}") = "azure-functions-openapi-oauth2-test", "azure-functions-openapi-oauth2-test.csproj", "{7676125D-A30B-4B47-A1B0-B57F97656CED}"
EndProject
Global
	GlobalSection(SolutionConfigurationPlatforms) = preSolution
		Debug|Any CPU = Debug|Any CPU
		Release|Any CPU = Release|Any CPU
	EndGlobalSection
	GlobalSection(ProjectConfigurationPlatforms) = postSolution
		{7676125D-A30B-4B47-A1B0-B57F97656CED}.Debug|Any CPU.ActiveCfg = Debug|Any CPU
		{7676125D-A30B-4B47-A1B0-B57F97656CED}.Debug|Any CPU.Build.0 = Debug|Any CPU
		{7676125D-A30B-4B47-A1B0-B57F97656CED}.Release|Any CPU.ActiveCfg = Release|Any CPU
		{7676125D-A30B-4B47-A1B0-B57F97656CED}.Release|Any CPU.Build.0 = Release|Any CPU
	EndGlobalSection
	GlobalSection(SolutionProperties) = preSolution
		HideSolutionNode = FALSE
	EndGlobalSection
	GlobalSection(ExtensibilityGlobals) = postSolution
		SolutionGuid = {65D91956-52B2-430F-9B7B-D9279D39AC89}
	EndGlobalSection
EndGlobal
